// !$*UTF8*$!
{
	archiveVersion = 1;
	classes = {
	};
	objectVersion = 77;
	objects = {

/* Begin PBXContainerItemProxy section */
		96929E572DE9E1F200540B64 /* PBXContainerItemProxy */ = {
			isa = PBXContainerItemProxy;
			containerPortal = 96929E3E2DE9E1F000540B64 /* Project object */;
			proxyType = 1;
			remoteGlobalIDString = 96929E452DE9E1F000540B64;
			remoteInfo = "Accessibility Issues";
		};
		96929E612DE9E1F200540B64 /* PBXContainerItemProxy */ = {
			isa = PBXContainerItemProxy;
			containerPortal = 96929E3E2DE9E1F000540B64 /* Project object */;
			proxyType = 1;
			remoteGlobalIDString = 96929E452DE9E1F000540B64;
			remoteInfo = "Accessibility Issues";
		};
/* End PBXContainerItemProxy section */

/* Begin PBXFileReference section */
		96929E462DE9E1F000540B64 /* Accessibility Issues.app */ = {isa = PBXFileReference; explicitFileType = wrapper.application; includeInIndex = 0; path = "Accessibility Issues.app"; sourceTree = BUILT_PRODUCTS_DIR; };
		96929E562DE9E1F200540B64 /* Accessibility IssuesTests.xctest */ = {isa = PBXFileReference; explicitFileType = wrapper.cfbundle; includeInIndex = 0; path = "Accessibility IssuesTests.xctest"; sourceTree = BUILT_PRODUCTS_DIR; };
		96929E602DE9E1F200540B64 /* Accessibility IssuesUITests.xctest */ = {isa = PBXFileReference; explicitFileType = wrapper.cfbundle; includeInIndex = 0; path = "Accessibility IssuesUITests.xctest"; sourceTree = BUILT_PRODUCTS_DIR; };
/* End PBXFileReference section */

/* Begin PBXFileSystemSynchronizedRootGroup section */
		96929E482DE9E1F000540B64 /* Accessibility Issues */ = {
			isa = PBXFileSystemSynchronizedRootGroup;
			path = "Accessibility Issues";
			sourceTree = "<group>";
		};
		96929E592DE9E1F200540B64 /* Accessibility IssuesTests */ = {
			isa = PBXFileSystemSynchronizedRootGroup;
			path = "Accessibility IssuesTests";
			sourceTree = "<group>";
		};
		96929E632DE9E1F200540B64 /* Accessibility IssuesUITests */ = {
			isa = PBXFileSystemSynchronizedRootGroup;
			path = "Accessibility IssuesUITests";
			sourceTree = "<group>";
		};
/* End PBXFileSystemSynchronizedRootGroup section */

/* Begin PBXFrameworksBuildPhase section */
		96929E432DE9E1F000540B64 /* Frameworks */ = {
			isa = PBXFrameworksBuildPhase;
			buildActionMask = 2147483647;
			files = (
			);
			runOnlyForDeploymentPostprocessing = 0;
		};
		96929E532DE9E1F200540B64 /* Frameworks */ = {
			isa = PBXFrameworksBuildPhase;
			buildActionMask = 2147483647;
			files = (
			);
			runOnlyForDeploymentPostprocessing = 0;
		};
		96929E5D2DE9E1F200540B64 /* Frameworks */ = {
			isa = PBXFrameworksBuildPhase;
			buildActionMask = 2147483647;
			files = (
			);
			runOnlyForDeploymentPostprocessing = 0;
		};
/* End PBXFrameworksBuildPhase section */

/* Begin PBXGroup section */
		96929E3D2DE9E1F000540B64 = {
			isa = PBXGroup;
			children = (
				96929E482DE9E1F000540B64 /* Accessibility Issues */,
				96929E592DE9E1F200540B64 /* Accessibility IssuesTests */,
				96929E632DE9E1F200540B64 /* Accessibility IssuesUITests */,
				96929E472DE9E1F000540B64 /* Products */,
			);
			sourceTree = "<group>";
		};
		96929E472DE9E1F000540B64 /* Products */ = {
			isa = PBXGroup;
			children = (
				96929E462DE9E1F000540B64 /* Accessibility Issues.app */,
				96929E562DE9E1F200540B64 /* Accessibility IssuesTests.xctest */,
				96929E602DE9E1F200540B64 /* Accessibility IssuesUITests.xctest */,
			);
			name = Products;
			sourceTree = "<group>";
		};
/* End PBXGroup section */

/* Begin PBXNativeTarget section */
		96929E452DE9E1F000540B64 /* Accessibility Issues */ = {
			isa = PBXNativeTarget;
			buildConfigurationList = 96929E6A2DE9E1F200540B64 /* Build configuration list for PBXNativeTarget "Accessibility Issues" */;
			buildPhases = (
				96929E422DE9E1F000540B64 /* Sources */,
				96929E432DE9E1F000540B64 /* Frameworks */,
				96929E442DE9E1F000540B64 /* Resources */,
			);
			buildRules = (
			);
			dependencies = (
			);
			fileSystemSynchronizedGroups = (
				96929E482DE9E1F000540B64 /* Accessibility Issues */,
			);
			name = "Accessibility Issues";
			packageProductDependencies = (
			);
			productName = "Accessibility Issues";
			productReference = 96929E462DE9E1F000540B64 /* Accessibility Issues.app */;
			productType = "com.apple.product-type.application";
		};
		96929E552DE9E1F200540B64 /* Accessibility IssuesTests */ = {
			isa = PBXNativeTarget;
			buildConfigurationList = 96929E6D2DE9E1F200540B64 /* Build configuration list for PBXNativeTarget "Accessibility IssuesTests" */;
			buildPhases = (
				96929E522DE9E1F200540B64 /* Sources */,
				96929E532DE9E1F200540B64 /* Frameworks */,
				96929E542DE9E1F200540B64 /* Resources */,
			);
			buildRules = (
			);
			dependencies = (
				96929E582DE9E1F200540B64 /* PBXTargetDependency */,
			);
			fileSystemSynchronizedGroups = (
				96929E592DE9E1F200540B64 /* Accessibility IssuesTests */,
			);
			name = "Accessibility IssuesTests";
			packageProductDependencies = (
			);
			productName = "Accessibility IssuesTests";
			productReference = 96929E562DE9E1F200540B64 /* Accessibility IssuesTests.xctest */;
			productType = "com.apple.product-type.bundle.unit-test";
		};
		96929E5F2DE9E1F200540B64 /* Accessibility IssuesUITests */ = {
			isa = PBXNativeTarget;
			buildConfigurationList = 96929E702DE9E1F200540B64 /* Build configuration list for PBXNativeTarget "Accessibility IssuesUITests" */;
			buildPhases = (
				96929E5C2DE9E1F200540B64 /* Sources */,
				96929E5D2DE9E1F200540B64 /* Frameworks */,
				96929E5E2DE9E1F200540B64 /* Resources */,
			);
			buildRules = (
			);
			dependencies = (
				96929E622DE9E1F200540B64 /* PBXTargetDependency */,
			);
			fileSystemSynchronizedGroups = (
				96929E632DE9E1F200540B64 /* Accessibility IssuesUITests */,
			);
			name = "Accessibility IssuesUITests";
			packageProductDependencies = (
			);
			productName = "Accessibility IssuesUITests";
			productReference = 96929E602DE9E1F200540B64 /* Accessibility IssuesUITests.xctest */;
			productType = "com.apple.product-type.bundle.ui-testing";
		};
/* End PBXNativeTarget section */

/* Begin PBXProject section */
		96929E3E2DE9E1F000540B64 /* Project object */ = {
			isa = PBXProject;
			attributes = {
				BuildIndependentTargetsInParallel = 1;
				LastSwiftUpdateCheck = 1600;
				LastUpgradeCheck = 1600;
				TargetAttributes = {
					96929E452DE9E1F000540B64 = {
						CreatedOnToolsVersion = 16.0;
					};
					96929E552DE9E1F200540B64 = {
						CreatedOnToolsVersion = 16.0;
						TestTargetID = 96929E452DE9E1F000540B64;
					};
					96929E5F2DE9E1F200540B64 = {
						CreatedOnToolsVersion = 16.0;
						TestTargetID = 96929E452DE9E1F000540B64;
					};
				};
			};
			buildConfigurationList = 96929E412DE9E1F000540B64 /* Build configuration list for PBXProject "Accessibility Issues" */;
			developmentRegion = en;
			hasScannedForEncodings = 0;
			knownRegions = (
				en,
				Base,
			);
			mainGroup = 96929E3D2DE9E1F000540B64;
			minimizedProjectReferenceProxies = 1;
			preferredProjectObjectVersion = 77;
			productRefGroup = 96929E472DE9E1F000540B64 /* Products */;
			projectDirPath = "";
			projectRoot = "";
			targets = (
				96929E452DE9E1F000540B64 /* Accessibility Issues */,
				96929E552DE9E1F200540B64 /* Accessibility IssuesTests */,
				96929E5F2DE9E1F200540B64 /* Accessibility IssuesUITests */,
			);
		};
/* End PBXProject section */

/* Begin PBXResourcesBuildPhase section */
		96929E442DE9E1F000540B64 /* Resources */ = {
			isa = PBXResourcesBuildPhase;
			buildActionMask = 2147483647;
			files = (
			);
			runOnlyForDeploymentPostprocessing = 0;
		};
		96929E542DE9E1F200540B64 /* Resources */ = {
			isa = PBXResourcesBuildPhase;
			buildActionMask = 2147483647;
			files = (
			);
			runOnlyForDeploymentPostprocessing = 0;
		};
		96929E5E2DE9E1F200540B64 /* Resources */ = {
			isa = PBXResourcesBuildPhase;
			buildActionMask = 2147483647;
			files = (
			);
			runOnlyForDeploymentPostprocessing = 0;
		};
/* End PBXResourcesBuildPhase section */

/* Begin PBXSourcesBuildPhase section */
		96929E422DE9E1F000540B64 /* Sources */ = {
			isa = PBXSourcesBuildPhase;
			buildActionMask = 2147483647;
			files = (
			);
			runOnlyForDeploymentPostprocessing = 0;
		};
		96929E522DE9E1F200540B64 /* Sources */ = {
			isa = PBXSourcesBuildPhase;
			buildActionMask = 2147483647;
			files = (
			);
			runOnlyForDeploymentPostprocessing = 0;
		};
		96929E5C2DE9E1F200540B64 /* Sources */ = {
			isa = PBXSourcesBuildPhase;
			buildActionMask = 2147483647;
			files = (
			);
			runOnlyForDeploymentPostprocessing = 0;
		};
/* End PBXSourcesBuildPhase section */

/* Begin PBXTargetDependency section */
		96929E582DE9E1F200540B64 /* PBXTargetDependency */ = {
			isa = PBXTargetDependency;
			target = 96929E452DE9E1F000540B64 /* Accessibility Issues */;
			targetProxy = 96929E572DE9E1F200540B64 /* PBXContainerItemProxy */;
		};
		96929E622DE9E1F200540B64 /* PBXTargetDependency */ = {
			isa = PBXTargetDependency;
			target = 96929E452DE9E1F000540B64 /* Accessibility Issues */;
			targetProxy = 96929E612DE9E1F200540B64 /* PBXContainerItemProxy */;
		};
/* End PBXTargetDependency section */

/* Begin XCBuildConfiguration section */
		96929E682DE9E1F200540B64 /* Debug */ = {
			isa = XCBuildConfiguration;
			buildSettings = {
				ALWAYS_SEARCH_USER_PATHS = NO;
				ASSETCATALOG_COMPILER_GENERATE_SWIFT_ASSET_SYMBOL_EXTENSIONS = YES;
				CLANG_ANALYZER_NONNULL = YES;
				CLANG_ANALYZER_NUMBER_OBJECT_CONVERSION = YES_AGGRESSIVE;
				CLANG_CXX_LANGUAGE_STANDARD = "gnu++20";
				CLANG_ENABLE_MODULES = YES;
				CLANG_ENABLE_OBJC_ARC = YES;
				CLANG_ENABLE_OBJC_WEAK = YES;
				CLANG_WARN_BLOCK_CAPTURE_AUTORELEASING = YES;
				CLANG_WARN_BOOL_CONVERSION = YES;
				CLANG_WARN_COMMA = YES;
				CLANG_WARN_CONSTANT_CONVERSION = YES;
				CLANG_WARN_DEPRECATED_OBJC_IMPLEMENTATIONS = YES;
				CLANG_WARN_DIRECT_OBJC_ISA_USAGE = YES_ERROR;
				CLANG_WARN_DOCUMENTATION_COMMENTS = YES;
				CLANG_WARN_EMPTY_BODY = YES;
				CLANG_WARN_ENUM_CONVERSION = YES;
				CLANG_WARN_INFINITE_RECURSION = YES;
				CLANG_WARN_INT_CONVERSION = YES;
				CLANG_WARN_NON_LITERAL_NULL_CONVERSION = YES;
				CLANG_WARN_OBJC_IMPLICIT_RETAIN_SELF = YES;
				CLANG_WARN_OBJC_LITERAL_CONVERSION = YES;
				CLANG_WARN_OBJC_ROOT_CLASS = YES_ERROR;
				CLANG_WARN_QUOTED_INCLUDE_IN_FRAMEWORK_HEADER = YES;
				CLANG_WARN_RANGE_LOOP_ANALYSIS = YES;
				CLANG_WARN_STRICT_PROTOTYPES = YES;
				CLANG_WARN_SUSPICIOUS_MOVE = YES;
				CLANG_WARN_UNGUARDED_AVAILABILITY = YES_AGGRESSIVE;
				CLANG_WARN_UNREACHABLE_CODE = YES;
				CLANG_WARN__DUPLICATE_METHOD_MATCH = YES;
				COPY_PHASE_STRIP = NO;
				DEBUG_INFORMATION_FORMAT = dwarf;
				ENABLE_STRICT_OBJC_MSGSEND = YES;
				ENABLE_TESTABILITY = YES;
				ENABLE_USER_SCRIPT_SANDBOXING = YES;
				GCC_C_LANGUAGE_STANDARD = gnu17;
				GCC_DYNAMIC_NO_PIC = NO;
				GCC_NO_COMMON_BLOCKS = YES;
				GCC_OPTIMIZATION_LEVEL = 0;
				GCC_PREPROCESSOR_DEFINITIONS = (
					"DEBUG=1",
					"$(inherited)",
				);
				GCC_WARN_64_TO_32_BIT_CONVERSION = YES;
				GCC_WARN_ABOUT_RETURN_TYPE = YES_ERROR;
				GCC_WARN_UNDECLARED_SELECTOR = YES;
				GCC_WARN_UNINITIALIZED_AUTOS = YES_AGGRESSIVE;
				GCC_WARN_UNUSED_FUNCTION = YES;
				GCC_WARN_UNUSED_VARIABLE = YES;
				IPHONEOS_DEPLOYMENT_TARGET = 17.0;
				LOCALIZATION_PREFERS_STRING_CATALOGS = YES;
				MTL_ENABLE_DEBUG_INFO = INCLUDE_SOURCE;
				MTL_FAST_MATH = YES;
				ONLY_ACTIVE_ARCH = YES;
				SDKROOT = iphoneos;
				SWIFT_ACTIVE_COMPILATION_CONDITIONS = "DEBUG $(inherited)";
				SWIFT_OPTIMIZATION_LEVEL = "-Onone";
			};
			name = Debug;
		};
		96929E692DE9E1F200540B64 /* Release */ = {
			isa = XCBuildConfiguration;
			buildSettings = {
				ALWAYS_SEARCH_USER_PATHS = NO;
				ASSETCATALOG_COMPILER_GENERATE_SWIFT_ASSET_SYMBOL_EXTENSIONS = YES;
				CLANG_ANALYZER_NONNULL = YES;
				CLANG_ANALYZER_NUMBER_OBJECT_CONVERSION = YES_AGGRESSIVE;
				CLANG_CXX_LANGUAGE_STANDARD = "gnu++20";
				CLANG_ENABLE_MODULES = YES;
				CLANG_ENABLE_OBJC_ARC = YES;
				CLANG_ENABLE_OBJC_WEAK = YES;
				CLANG_WARN_BLOCK_CAPTURE_AUTORELEASING = YES;
				CLANG_WARN_BOOL_CONVERSION = YES;
				CLANG_WARN_COMMA = YES;
				CLANG_WARN_CONSTANT_CONVERSION = YES;
				CLANG_WARN_DEPRECATED_OBJC_IMPLEMENTATIONS = YES;
				CLANG_WARN_DIRECT_OBJC_ISA_USAGE = YES_ERROR;
				CLANG_WARN_DOCUMENTATION_COMMENTS = YES;
				CLANG_WARN_EMPTY_BODY = YES;
				CLANG_WARN_ENUM_CONVERSION = YES;
				CLANG_WARN_INFINITE_RECURSION = YES;
				CLANG_WARN_INT_CONVERSION = YES;
				CLANG_WARN_NON_LITERAL_NULL_CONVERSION = YES;
				CLANG_WARN_OBJC_IMPLICIT_RETAIN_SELF = YES;
				CLANG_WARN_OBJC_LITERAL_CONVERSION = YES;
				CLANG_WARN_OBJC_ROOT_CLASS = YES_ERROR;
				CLANG_WARN_QUOTED_INCLUDE_IN_FRAMEWORK_HEADER = YES;
				CLANG_WARN_RANGE_LOOP_ANALYSIS = YES;
				CLANG_WARN_STRICT_PROTOTYPES = YES;
				CLANG_WARN_SUSPICIOUS_MOVE = YES;
				CLANG_WARN_UNGUARDED_AVAILABILITY = YES_AGGRESSIVE;
				CLANG_WARN_UNREACHABLE_CODE = YES;
				CLANG_WARN__DUPLICATE_METHOD_MATCH = YES;
				COPY_PHASE_STRIP = NO;
				DEBUG_INFORMATION_FORMAT = "dwarf-with-dsym";
				ENABLE_NS_ASSERTIONS = NO;
				ENABLE_STRICT_OBJC_MSGSEND = YES;
				ENABLE_USER_SCRIPT_SANDBOXING = YES;
				GCC_C_LANGUAGE_STANDARD = gnu17;
				GCC_NO_COMMON_BLOCKS = YES;
				GCC_WARN_64_TO_32_BIT_CONVERSION = YES;
				GCC_WARN_ABOUT_RETURN_TYPE = YES_ERROR;
				GCC_WARN_UNDECLARED_SELECTOR = YES;
				GCC_WARN_UNINITIALIZED_AUTOS = YES_AGGRESSIVE;
				GCC_WARN_UNUSED_FUNCTION = YES;
				GCC_WARN_UNUSED_VARIABLE = YES;
				IPHONEOS_DEPLOYMENT_TARGET = 17.0;
				LOCALIZATION_PREFERS_STRING_CATALOGS = YES;
				MTL_ENABLE_DEBUG_INFO = NO;
				MTL_FAST_MATH = YES;
				SDKROOT = iphoneos;
				SWIFT_COMPILATION_MODE = wholemodule;
				VALIDATE_PRODUCT = YES;
			};
			name = Release;
		};
		96929E6B2DE9E1F200540B64 /* Debug */ = {
			isa = XCBuildConfiguration;
			buildSettings = {
				ASSETCATALOG_COMPILER_APPICON_NAME = AppIcon;
				ASSETCATALOG_COMPILER_GLOBAL_ACCENT_COLOR_NAME = AccentColor;
				CODE_SIGN_IDENTITY = "Apple Development";
				CODE_SIGN_STYLE = Automatic;
				CURRENT_PROJECT_VERSION = 1;
				DEVELOPMENT_ASSET_PATHS = "\"Accessibility Issues/Preview Content\"";
				DEVELOPMENT_TEAM = GAH9JCGHMZ;
				ENABLE_PREVIEWS = YES;
				GENERATE_INFOPLIST_FILE = YES;
				INFOPLIST_KEY_UIApplicationSceneManifest_Generation = YES;
				INFOPLIST_KEY_UIApplicationSupportsIndirectInputEvents = YES;
				INFOPLIST_KEY_UILaunchScreen_Generation = YES;
				INFOPLIST_KEY_UIRequiresFullScreen = YES;
				INFOPLIST_KEY_UISupportedInterfaceOrientations = "UIInterfaceOrientationLandscapeLeft UIInterfaceOrientationLandscapeRight UIInterfaceOrientationPortrait UIInterfaceOrientationPortraitUpsideDown";
				IPHONEOS_DEPLOYMENT_TARGET = 17.0;
				LD_RUNPATH_SEARCH_PATHS = (
					"$(inherited)",
					"@executable_path/Frameworks",
				);
				INFOPLIST_KEY_CFBundleDisplayName = "A11y TestMu AI";
				MARKETING_VERSION = 1.0;
				PRODUCT_BUNDLE_IDENTIFIER = "lambdatest.Accessibility-Issues";
				PRODUCT_NAME = "$(TARGET_NAME)";
				PROVISIONING_PROFILE_SPECIFIER = "";
				SWIFT_EMIT_LOC_STRINGS = YES;
				SWIFT_VERSION = 5.0;
				TARGETED_DEVICE_FAMILY = "1,2";
			};
			name = Debug;
		};
		96929E6C2DE9E1F200540B64 /* Release */ = {
			isa = XCBuildConfiguration;
			buildSettings = {
				ASSETCATALOG_COMPILER_APPICON_NAME = AppIcon;
				ASSETCATALOG_COMPILER_GLOBAL_ACCENT_COLOR_NAME = AccentColor;
				CODE_SIGN_IDENTITY = "Apple Development";
				CODE_SIGN_STYLE = Automatic;
				CURRENT_PROJECT_VERSION = 1;
				DEVELOPMENT_ASSET_PATHS = "\"Accessibility Issues/Preview Content\"";
				DEVELOPMENT_TEAM = GAH9JCGHMZ;
				ENABLE_PREVIEWS = YES;
				GENERATE_INFOPLIST_FILE = YES;
				INFOPLIST_KEY_CFBundleDisplayName = "A11y TestMu AI";
				INFOPLIST_KEY_UIApplicationSceneManifest_Generation = YES;
				INFOPLIST_KEY_UIApplicationSupportsIndirectInputEvents = YES;
				INFOPLIST_KEY_UILaunchScreen_Generation = YES;
				INFOPLIST_KEY_UIRequiresFullScreen = YES;
				INFOPLIST_KEY_UISupportedInterfaceOrientations = "UIInterfaceOrientationLandscapeLeft UIInterfaceOrientationLandscapeRight UIInterfaceOrientationPortrait UIInterfaceOrientationPortraitUpsideDown";
				IPHONEOS_DEPLOYMENT_TARGET = 17.0;
				LD_RUNPATH_SEARCH_PATHS = (
					"$(inherited)",
					"@executable_path/Frameworks",
				);
				MARKETING_VERSION = 1.0;
				PRODUCT_BUNDLE_IDENTIFIER = "lambdatest.Accessibility-Issues";
				PRODUCT_NAME = "$(TARGET_NAME)";
				PROVISIONING_PROFILE_SPECIFIER = "";
				SWIFT_EMIT_LOC_STRINGS = YES;
				SWIFT_VERSION = 5.0;
				TARGETED_DEVICE_FAMILY = "1,2";
			};
			name = Release;
		};
		96929E6E2DE9E1F200540B64 /* Debug */ = {
			isa = XCBuildConfiguration;
			buildSettings = {
				BUNDLE_LOADER = "$(TEST_HOST)";
				CODE_SIGN_STYLE = Automatic;
				CURRENT_PROJECT_VERSION = 1;
				GENERATE_INFOPLIST_FILE = YES;
				IPHONEOS_DEPLOYMENT_TARGET = 15.6;
				MARKETING_VERSION = 1.0;
				PRODUCT_BUNDLE_IDENTIFIER = "lambdatest.Accessibility-IssuesTests";
				PRODUCT_NAME = "$(TARGET_NAME)";
				SWIFT_EMIT_LOC_STRINGS = NO;
				SWIFT_VERSION = 5.0;
				TARGETED_DEVICE_FAMILY = "1,2";
				TEST_HOST = "$(BUILT_PRODUCTS_DIR)/Accessibility Issues.app/$(BUNDLE_EXECUTABLE_FOLDER_PATH)/Accessibility Issues";
			};
			name = Debug;
		};
		96929E6F2DE9E1F200540B64 /* Release */ = {
			isa = XCBuildConfiguration;
			buildSettings = {
				BUNDLE_LOADER = "$(TEST_HOST)";
				CODE_SIGN_STYLE = Automatic;
				CURRENT_PROJECT_VERSION = 1;
				GENERATE_INFOPLIST_FILE = YES;
				IPHONEOS_DEPLOYMENT_TARGET = 15.6;
				MARKETING_VERSION = 1.0;
				PRODUCT_BUNDLE_IDENTIFIER = "lambdatest.Accessibility-IssuesTests";
				PRODUCT_NAME = "$(TARGET_NAME)";
				SWIFT_EMIT_LOC_STRINGS = NO;
				SWIFT_VERSION = 5.0;
				TARGETED_DEVICE_FAMILY = "1,2";
				TEST_HOST = "$(BUILT_PRODUCTS_DIR)/Accessibility Issues.app/$(BUNDLE_EXECUTABLE_FOLDER_PATH)/Accessibility Issues";
			};
			name = Release;
		};
		96929E712DE9E1F200540B64 /* Debug */ = {
			isa = XCBuildConfiguration;
			buildSettings = {
				CODE_SIGN_STYLE = Automatic;
				CURRENT_PROJECT_VERSION = 1;
				GENERATE_INFOPLIST_FILE = YES;
				IPHONEOS_DEPLOYMENT_TARGET = 15.6;
				MARKETING_VERSION = 1.0;
				PRODUCT_BUNDLE_IDENTIFIER = "lambdatest.Accessibility-IssuesUITests";
				PRODUCT_NAME = "$(TARGET_NAME)";
				SWIFT_EMIT_LOC_STRINGS = NO;
				SWIFT_VERSION = 5.0;
				TARGETED_DEVICE_FAMILY = "1,2";
				TEST_TARGET_NAME = "Accessibility Issues";
			};
			name = Debug;
		};
		96929E722DE9E1F200540B64 /* Release */ = {
			isa = XCBuildConfiguration;
			buildSettings = {
				CODE_SIGN_STYLE = Automatic;
				CURRENT_PROJECT_VERSION = 1;
				GENERATE_INFOPLIST_FILE = YES;
				IPHONEOS_DEPLOYMENT_TARGET = 15.6;
				MARKETING_VERSION = 1.0;
				PRODUCT_BUNDLE_IDENTIFIER = "lambdatest.Accessibility-IssuesUITests";
				PRODUCT_NAME = "$(TARGET_NAME)";
				SWIFT_EMIT_LOC_STRINGS = NO;
				SWIFT_VERSION = 5.0;
				TARGETED_DEVICE_FAMILY = "1,2";
				TEST_TARGET_NAME = "Accessibility Issues";
			};
			name = Release;
		};
/* End XCBuildConfiguration section */

/* Begin XCConfigurationList section */
		96929E412DE9E1F000540B64 /* Build configuration list for PBXProject "Accessibility Issues" */ = {
			isa = XCConfigurationList;
			buildConfigurations = (
				96929E682DE9E1F200540B64 /* Debug */,
				96929E692DE9E1F200540B64 /* Release */,
			);
			defaultConfigurationIsVisible = 0;
			defaultConfigurationName = Release;
		};
		96929E6A2DE9E1F200540B64 /* Build configuration list for PBXNativeTarget "Accessibility Issues" */ = {
			isa = XCConfigurationList;
			buildConfigurations = (
				96929E6B2DE9E1F200540B64 /* Debug */,
				96929E6C2DE9E1F200540B64 /* Release */,
			);
			defaultConfigurationIsVisible = 0;
			defaultConfigurationName = Release;
		};
		96929E6D2DE9E1F200540B64 /* Build configuration list for PBXNativeTarget "Accessibility IssuesTests" */ = {
			isa = XCConfigurationList;
			buildConfigurations = (
				96929E6E2DE9E1F200540B64 /* Debug */,
				96929E6F2DE9E1F200540B64 /* Release */,
			);
			defaultConfigurationIsVisible = 0;
			defaultConfigurationName = Release;
		};
		96929E702DE9E1F200540B64 /* Build configuration list for PBXNativeTarget "Accessibility IssuesUITests" */ = {
			isa = XCConfigurationList;
			buildConfigurations = (
				96929E712DE9E1F200540B64 /* Debug */,
				96929E722DE9E1F200540B64 /* Release */,
			);
			defaultConfigurationIsVisible = 0;
			defaultConfigurationName = Release;
		};
/* End XCConfigurationList section */
	};
	rootObject = 96929E3E2DE9E1F000540B64 /* Project object */;
}
